# THIS IS AN AUTOGENERATED FILE. DO NOT EDIT THIS FILE DIRECTLY.
# yarn lockfile v1


eventemitter3@^5.0.1:
  version "5.0.1"
  resolved "https://registry.yarnpkg.com/eventemitter3/-/eventemitter3-5.0.1.tgz#53f5ffd0a492ac800721bb42c66b841de96423c4"
  integrity sha512-GWkBvjiSZK87ELrYOSESUYeVIc9mvLLf/nXalMOS5dYrgZq9o5OVkbZAVM06CVxYsCwH9BDZFPlQTlPA1j4ahA==

phaser@^3.70.0:
  version "3.70.0"
  resolved "https://registry.yarnpkg.com/phaser/-/phaser-3.70.0.tgz#8d187308375171d268d5c509ecdd796aac164ab9"
  integrity sha512-2g+gh+Jp9f/Ho9FOXOYbIJMGf3UZXyMbW2iLScFaLQw11e/LqVyxj/YmaBauWbHabeTnZjiWkPklDnxhesMH0g==
  dependencies:
    eventemitter3 "^5.0.1"
